
Microsoft Visual Studio Solution File, Format Version 12.00
# Visual Studio Version 16
VisualStudioVersion = 16.0.30907.101
MinimumVisualStudioVersion = 10.0.40219.1
Project("{FAE04EC0-301F-11D3-BF4B-00C04F79EFBC}") = "WcfService", "WcfService\WcfService.csproj", "{2B801C74-49F8-46FD-95E3-699F92948A88}"
EndProject
Project("{FAE04EC0-301F-11D3-BF4B-00C04F79EFBC}") = "WcfService.Domain", "WcfService.Domain\WcfService.Domain.csproj", "{4554FCBF-BDD0-4A55-B97A-1FD0073494A4}"
EndProject
Project("{FAE04EC0-301F-11D3-BF4B-00C04F79EFBC}") = "WcfService.Contracts", "WcfService.Contracts\WcfService.Contracts.csproj", "{CAA6ACB4-4A4B-4882-84E4-E3D4143C2FAF}"
EndProject
Global
	GlobalSection(SolutionConfigurationPlatforms) = preSolution
		Debug|Any CPU = Debug|Any CPU
		Release|Any CPU = Release|Any CPU
	EndGlobalSection
	GlobalSection(ProjectConfigurationPlatforms) = postSolution
		{2B801C74-49F8-46FD-95E3-699F92948A88}.Debug|Any CPU.ActiveCfg = Debug|Any CPU
		{2B801C74-49F8-46FD-95E3-699F92948A88}.Debug|Any CPU.Build.0 = Debug|Any CPU
		{2B801C74-49F8-46FD-95E3-699F92948A88}.Release|Any CPU.ActiveCfg = Release|Any CPU
		{2B801C74-49F8-46FD-95E3-699F92948A88}.Release|Any CPU.Build.0 = Release|Any CPU
		{4554FCBF-BDD0-4A55-B97A-1FD0073494A4}.Debug|Any CPU.ActiveCfg = Debug|Any CPU
		{4554FCBF-BDD0-4A55-B97A-1FD0073494A4}.Debug|Any CPU.Build.0 = Debug|Any CPU
		{4554FCBF-BDD0-4A55-B97A-1FD0073494A4}.Release|Any CPU.ActiveCfg = Release|Any CPU
		{4554FCBF-BDD0-4A55-B97A-1FD0073494A4}.Release|Any CPU.Build.0 = Release|Any CPU
		{CAA6ACB4-4A4B-4882-84E4-E3D4143C2FAF}.Debug|Any CPU.ActiveCfg = Debug|Any CPU
		{CAA6ACB4-4A4B-4882-84E4-E3D4143C2FAF}.Debug|Any CPU.Build.0 = Debug|Any CPU
		{CAA6ACB4-4A4B-4882-84E4-E3D4143C2FAF}.Release|Any CPU.ActiveCfg = Release|Any CPU
		{CAA6ACB4-4A4B-4882-84E4-E3D4143C2FAF}.Release|Any CPU.Build.0 = Release|Any CPU
	EndGlobalSection
	GlobalSection(SolutionProperties) = preSolution
		HideSolutionNode = FALSE
	EndGlobalSection
	GlobalSection(ExtensibilityGlobals) = postSolution
		SolutionGuid = {2CA985F9-C666-4621-AC17-7A9AB07F0AFA}
	EndGlobalSection
EndGlobal
